{
  "name": "platforms",
  "version": "1.0.0",
  "lockfileVersion": 2,
  "requires": true,
  "packages": {
    "": {
      "version": "1.0.0",
      "license": "ISC",
      "dependencies": {
        "@zicio/ajs": "^1.0.0"
      }
    },
    "node_modules/@zicio/ajs": {
      "version": "1.0.0",
      "resolved": "https://npm.pkg.github.com/download/@zicio/ajs/1.0.0/70f0967784dfa60fa2daa87db56bdf0be496b309c024d7a458e993c404b3ffdf",
      "integrity": "sha512-KDeIuHb1TSdF5W1fU6n1wnts2Id7HogL4tNeRBgXfHBniaQw8p4KqaWuVYJEs9SKiVv7SwjyfIb8bVJQNvZ/hg==",
      "license": "ISC"
    }
  },
  "dependencies": {
    "@zicio/ajs": {
      "version": "1.0.0",
      "resolved": "https://npm.pkg.github.com/download/@zicio/ajs/1.0.0/70f0967784dfa60fa2daa87db56bdf0be496b309c024d7a458e993c404b3ffdf",
      "integrity": "sha512-KDeIuHb1TSdF5W1fU6n1wnts2Id7HogL4tNeRBgXfHBniaQw8p4KqaWuVYJEs9SKiVv7SwjyfIb8bVJQNvZ/hg=="
    }
  }
}
